// !$*UTF8*$!
{
	archiveVersion = 1;
	classes = {
	};
	objectVersion = 56;
	objects = {

/* Begin PBXBuildFile section */
		63918FF22A8A53C000D92557 /* AppDelegate.swift in Sources */ = {isa = PBXBuildFile; fileRef = 63918FF12A8A53C000D92557 /* AppDelegate.swift */; };
		63918FF42A8A53C000D92557 /* SceneDelegate.swift in Sources */ = {isa = PBXBuildFile; fileRef = 63918FF32A8A53C000D92557 /* SceneDelegate.swift */; };
		63918FF62A8A53C000D92557 /* ViewController.swift in Sources */ = {isa = PBXBuildFile; fileRef = 63918FF52A8A53C000D92557 /* ViewController.swift */; };
		63918FF92A8A53C000D92557 /* Main.storyboard in Resources */ = {isa = PBXBuildFile; fileRef = 63918FF72A8A53C000D92557 /* Main.storyboard */; };
		63918FFB2A8A53C200D92557 /* Assets.xcassets in Resources */ = {isa = PBXBuildFile; fileRef = 63918FFA2A8A53C200D92557 /* Assets.xcassets */; };
		63918FFE2A8A53C200D92557 /* LaunchScreen.storyboard in Resources */ = {isa = PBXBuildFile; fileRef = 63918FFC2A8A53C200D92557 /* LaunchScreen.storyboard */; };
		639190092A8A53C200D92557 /* F1TrackInfoTests.swift in Sources */ = {isa = PBXBuildFile; fileRef = 639190082A8A53C200D92557 /* F1TrackInfoTests.swift */; };
		639190132A8A53C200D92557 /* F1TrackInfoUITests.swift in Sources */ = {isa = PBXBuildFile; fileRef = 639190122A8A53C200D92557 /* F1TrackInfoUITests.swift */; };
		639190152A8A53C200D92557 /* F1TrackInfoUITestsLaunchTests.swift in Sources */ = {isa = PBXBuildFile; fileRef = 639190142A8A53C200D92557 /* F1TrackInfoUITestsLaunchTests.swift */; };
		639190222A8A545C00D92557 /* Track.swift in Sources */ = {isa = PBXBuildFile; fileRef = 639190212A8A545C00D92557 /* Track.swift */; };
		639190242A8A610600D92557 /* trackCell.swift in Sources */ = {isa = PBXBuildFile; fileRef = 639190232A8A610600D92557 /* trackCell.swift */; };
/* End PBXBuildFile section */

/* Begin PBXContainerItemProxy section */
		639190052A8A53C200D92557 /* PBXContainerItemProxy */ = {
			isa = PBXContainerItemProxy;
			containerPortal = 63918FE62A8A53C000D92557 /* Project object */;
			proxyType = 1;
			remoteGlobalIDString = 63918FED2A8A53C000D92557;
			remoteInfo = F1TrackInfo;
		};
		6391900F2A8A53C200D92557 /* PBXContainerItemProxy */ = {
			isa = PBXContainerItemProxy;
			containerPortal = 63918FE62A8A53C000D92557 /* Project object */;
			proxyType = 1;
			remoteGlobalIDString = 63918FED2A8A53C000D92557;
			remoteInfo = F1TrackInfo;
		};
/* End PBXContainerItemProxy section */

/* Begin PBXFileReference section */
		63918FEE2A8A53C000D92557 /* F1TrackInfo.app */ = {isa = PBXFileReference; explicitFileType = wrapper.application; includeInIndex = 0; path = F1TrackInfo.app; sourceTree = BUILT_PRODUCTS_DIR; };
		63918FF12A8A53C000D92557 /* AppDelegate.swift */ = {isa = PBXFileReference; lastKnownFileType = sourcecode.swift; path = AppDelegate.swift; sourceTree = "<group>"; };
		63918FF32A8A53C000D92557 /* SceneDelegate.swift */ = {isa = PBXFileReference; lastKnownFileType = sourcecode.swift; path = SceneDelegate.swift; sourceTree = "<group>"; };
		63918FF52A8A53C000D92557 /* ViewController.swift */ = {isa = PBXFileReference; lastKnownFileType = sourcecode.swift; path = ViewController.swift; sourceTree = "<group>"; };
		63918FF82A8A53C000D92557 /* Base */ = {isa = PBXFileReference; lastKnownFileType = file.storyboard; name = Base; path = Base.lproj/Main.storyboard; sourceTree = "<group>"; };
		63918FFA2A8A53C200D92557 /* Assets.xcassets */ = {isa = PBXFileReference; lastKnownFileType = folder.assetcatalog; path = Assets.xcassets; sourceTree = "<group>"; };
		63918FFD2A8A53C200D92557 /* Base */ = {isa = PBXFileReference; lastKnownFileType = file.storyboard; name = Base; path = Base.lproj/LaunchScreen.storyboard; sourceTree = "<group>"; };
		63918FFF2A8A53C200D92557 /* Info.plist */ = {isa = PBXFileReference; lastKnownFileType = text.plist.xml; path = Info.plist; sourceTree = "<group>"; };
		639190042A8A53C200D92557 /* F1TrackInfoTests.xctest */ = {isa = PBXFileReference; explicitFileType = wrapper.cfbundle; includeInIndex = 0; path = F1TrackInfoTests.xctest; sourceTree = BUILT_PRODUCTS_DIR; };
		639190082A8A53C200D92557 /* F1TrackInfoTests.swift */ = {isa = PBXFileReference; lastKnownFileType = sourcecode.swift; path = F1TrackInfoTests.swift; sourceTree = "<group>"; };
		6391900E2A8A53C200D92557 /* F1TrackInfoUITests.xctest */ = {isa = PBXFileReference; explicitFileType = wrapper.cfbundle; includeInIndex = 0; path = F1TrackInfoUITests.xctest; sourceTree = BUILT_PRODUCTS_DIR; };
		639190122A8A53C200D92557 /* F1TrackInfoUITests.swift */ = {isa = PBXFileReference; lastKnownFileType = sourcecode.swift; path = F1TrackInfoUITests.swift; sourceTree = "<group>"; };
		639190142A8A53C200D92557 /* F1TrackInfoUITestsLaunchTests.swift */ = {isa = PBXFileReference; lastKnownFileType = sourcecode.swift; path = F1TrackInfoUITestsLaunchTests.swift; sourceTree = "<group>"; };
		639190212A8A545C00D92557 /* Track.swift */ = {isa = PBXFileReference; lastKnownFileType = sourcecode.swift; path = Track.swift; sourceTree = "<group>"; };
		639190232A8A610600D92557 /* trackCell.swift */ = {isa = PBXFileReference; lastKnownFileType = sourcecode.swift; path = trackCell.swift; sourceTree = "<group>"; };
/* End PBXFileReference section */

/* Begin PBXFrameworksBuildPhase section */
		63918FEB2A8A53C000D92557 /* Frameworks */ = {
			isa = PBXFrameworksBuildPhase;
			buildActionMask = 2147483647;
			files = (
			);
			runOnlyForDeploymentPostprocessing = 0;
		};
		639190012A8A53C200D92557 /* Frameworks */ = {
			isa = PBXFrameworksBuildPhase;
			buildActionMask = 2147483647;
			files = (
			);
			runOnlyForDeploymentPostprocessing = 0;
		};
		6391900B2A8A53C200D92557 /* Frameworks */ = {
			isa = PBXFrameworksBuildPhase;
			buildActionMask = 2147483647;
			files = (
			);
			runOnlyForDeploymentPostprocessing = 0;
		};
/* End PBXFrameworksBuildPhase section */

/* Begin PBXGroup section */
		63918FE52A8A53C000D92557 = {
			isa = PBXGroup;
			children = (
				63918FF02A8A53C000D92557 /* F1TrackInfo */,
				639190072A8A53C200D92557 /* F1TrackInfoTests */,
				639190112A8A53C200D92557 /* F1TrackInfoUITests */,
				63918FEF2A8A53C000D92557 /* Products */,
			);
			sourceTree = "<group>";
		};
		63918FEF2A8A53C000D92557 /* Products */ = {
			isa = PBXGroup;
			children = (
				63918FEE2A8A53C000D92557 /* F1TrackInfo.app */,
				639190042A8A53C200D92557 /* F1TrackInfoTests.xctest */,
				6391900E2A8A53C200D92557 /* F1TrackInfoUITests.xctest */,
			);
			name = Products;
			sourceTree = "<group>";
		};
		63918FF02A8A53C000D92557 /* F1TrackInfo */ = {
			isa = PBXGroup;
			children = (
				63918FF12A8A53C000D92557 /* AppDelegate.swift */,
				63918FF32A8A53C000D92557 /* SceneDelegate.swift */,
				63918FF52A8A53C000D92557 /* ViewController.swift */,
				63918FF72A8A53C000D92557 /* Main.storyboard */,
				63918FFA2A8A53C200D92557 /* Assets.xcassets */,
				63918FFC2A8A53C200D92557 /* LaunchScreen.storyboard */,
				63918FFF2A8A53C200D92557 /* Info.plist */,
				639190212A8A545C00D92557 /* Track.swift */,
				639190232A8A610600D92557 /* trackCell.swift */,
			);
			path = F1TrackInfo;
			sourceTree = "<group>";
		};
		639190072A8A53C200D92557 /* F1TrackInfoTests */ = {
			isa = PBXGroup;
			children = (
				639190082A8A53C200D92557 /* F1TrackInfoTests.swift */,
			);
			path = F1TrackInfoTests;
			sourceTree = "<group>";
		};
		639190112A8A53C200D92557 /* F1TrackInfoUITests */ = {
			isa = PBXGroup;
			children = (
				639190122A8A53C200D92557 /* F1TrackInfoUITests.swift */,
				639190142A8A53C200D92557 /* F1TrackInfoUITestsLaunchTests.swift */,
			);
			path = F1TrackInfoUITests;
			sourceTree = "<group>";
		};
/* End PBXGroup section */

/* Begin PBXNativeTarget section */
		63918FED2A8A53C000D92557 /* F1TrackInfo */ = {
			isa = PBXNativeTarget;
			buildConfigurationList = 639190182A8A53C200D92557 /* Build configuration list for PBXNativeTarget "F1TrackInfo" */;
			buildPhases = (
				63918FEA2A8A53C000D92557 /* Sources */,
				63918FEB2A8A53C000D92557 /* Frameworks */,
				63918FEC2A8A53C000D92557 /* Resources */,
			);
			buildRules = (
			);
			dependencies = (
			);
			name = F1TrackInfo;
			productName = F1TrackInfo;
			productReference = 63918FEE2A8A53C000D92557 /* F1TrackInfo.app */;
			productType = "com.apple.product-type.application";
		};
		639190032A8A53C200D92557 /* F1TrackInfoTests */ = {
			isa = PBXNativeTarget;
			buildConfigurationList = 6391901B2A8A53C200D92557 /* Build configuration list for PBXNativeTarget "F1TrackInfoTests" */;
			buildPhases = (
				639190002A8A53C200D92557 /* Sources */,
				639190012A8A53C200D92557 /* Frameworks */,
				639190022A8A53C200D92557 /* Resources */,
			);
			buildRules = (
			);
			dependencies = (
				639190062A8A53C200D92557 /* PBXTargetDependency */,
			);
			name = F1TrackInfoTests;
			productName = F1TrackInfoTests;
			productReference = 639190042A8A53C200D92557 /* F1TrackInfoTests.xctest */;
			productType = "com.apple.product-type.bundle.unit-test";
		};
		6391900D2A8A53C200D92557 /* F1TrackInfoUITests */ = {
			isa = PBXNativeTarget;
			buildConfigurationList = 6391901E2A8A53C200D92557 /* Build configuration list for PBXNativeTarget "F1TrackInfoUITests" */;
			buildPhases = (
				6391900A2A8A53C200D92557 /* Sources */,
				6391900B2A8A53C200D92557 /* Frameworks */,
				6391900C2A8A53C200D92557 /* Resources */,
			);
			buildRules = (
			);
			dependencies = (
				639190102A8A53C200D92557 /* PBXTargetDependency */,
			);
			name = F1TrackInfoUITests;
			productName = F1TrackInfoUITests;
			productReference = 6391900E2A8A53C200D92557 /* F1TrackInfoUITests.xctest */;
			productType = "com.apple.product-type.bundle.ui-testing";
		};
/* End PBXNativeTarget section */

/* Begin PBXProject section */
		63918FE62A8A53C000D92557 /* Project object */ = {
			isa = PBXProject;
			attributes = {
				BuildIndependentTargetsInParallel = 1;
				LastSwiftUpdateCheck = 1430;
				LastUpgradeCheck = 1430;
				TargetAttributes = {
					63918FED2A8A53C000D92557 = {
						CreatedOnToolsVersion = 14.3.1;
					};
					639190032A8A53C200D92557 = {
						CreatedOnToolsVersion = 14.3.1;
						TestTargetID = 63918FED2A8A53C000D92557;
					};
					6391900D2A8A53C200D92557 = {
						CreatedOnToolsVersion = 14.3.1;
						TestTargetID = 63918FED2A8A53C000D92557;
					};
				};
			};
			buildConfigurationList = 63918FE92A8A53C000D92557 /* Build configuration list for PBXProject "F1TrackInfo" */;
			compatibilityVersion = "Xcode 14.0";
			developmentRegion = en;
			hasScannedForEncodings = 0;
			knownRegions = (
				en,
				Base,
			);
			mainGroup = 63918FE52A8A53C000D92557;
			productRefGroup = 63918FEF2A8A53C000D92557 /* Products */;
			projectDirPath = "";
			projectRoot = "";
			targets = (
				63918FED2A8A53C000D92557 /* F1TrackInfo */,
				639190032A8A53C200D92557 /* F1TrackInfoTests */,
				6391900D2A8A53C200D92557 /* F1TrackInfoUITests */,
			);
		};
/* End PBXProject section */

/* Begin PBXResourcesBuildPhase section */
		63918FEC2A8A53C000D92557 /* Resources */ = {
			isa = PBXResourcesBuildPhase;
			buildActionMask = 2147483647;
			files = (
				63918FFE2A8A53C200D92557 /* LaunchScreen.storyboard in Resources */,
				63918FFB2A8A53C200D92557 /* Assets.xcassets in Resources */,
				63918FF92A8A53C000D92557 /* Main.storyboard in Resources */,
			);
			runOnlyForDeploymentPostprocessing = 0;
		};
		639190022A8A53C200D92557 /* Resources */ = {
			isa = PBXResourcesBuildPhase;
			buildActionMask = 2147483647;
			files = (
			);
			runOnlyForDeploymentPostprocessing = 0;
		};
		6391900C2A8A53C200D92557 /* Resources */ = {
			isa = PBXResourcesBuildPhase;
			buildActionMask = 2147483647;
			files = (
			);
			runOnlyForDeploymentPostprocessing = 0;
		};
/* End PBXResourcesBuildPhase section */

/* Begin PBXSourcesBuildPhase section */
		63918FEA2A8A53C000D92557 /* Sources */ = {
			isa = PBXSourcesBuildPhase;
			buildActionMask = 2147483647;
			files = (
				63918FF62A8A53C000D92557 /* ViewController.swift in Sources */,
				63918FF22A8A53C000D92557 /* AppDelegate.swift in Sources */,
				63918FF42A8A53C000D92557 /* SceneDelegate.swift in Sources */,
				639190222A8A545C00D92557 /* Track.swift in Sources */,
				639190242A8A610600D92557 /* trackCell.swift in Sources */,
			);
			runOnlyForDeploymentPostprocessing = 0;
		};
		639190002A8A53C200D92557 /* Sources */ = {
			isa = PBXSourcesBuildPhase;
			buildActionMask = 2147483647;
			files = (
				639190092A8A53C200D92557 /* F1TrackInfoTests.swift in Sources */,
			);
			runOnlyForDeploymentPostprocessing = 0;
		};
		6391900A2A8A53C200D92557 /* Sources */ = {
			isa = PBXSourcesBuildPhase;
			buildActionMask = 2147483647;
			files = (
				639190132A8A53C200D92557 /* F1TrackInfoUITests.swift in Sources */,
				639190152A8A53C200D92557 /* F1TrackInfoUITestsLaunchTests.swift in Sources */,
			);
			runOnlyForDeploymentPostprocessing = 0;
		};
/* End PBXSourcesBuildPhase section */

/* Begin PBXTargetDependency section */
		639190062A8A53C200D92557 /* PBXTargetDependency */ = {
			isa = PBXTargetDependency;
			target = 63918FED2A8A53C000D92557 /* F1TrackInfo */;
			targetProxy = 639190052A8A53C200D92557 /* PBXContainerItemProxy */;
		};
		639190102A8A53C200D92557 /* PBXTargetDependency */ = {
			isa = PBXTargetDependency;
			target = 63918FED2A8A53C000D92557 /* F1TrackInfo */;
			targetProxy = 6391900F2A8A53C200D92557 /* PBXContainerItemProxy */;
		};
/* End PBXTargetDependency section */

/* Begin PBXVariantGroup section */
		63918FF72A8A53C000D92557 /* Main.storyboard */ = {
			isa = PBXVariantGroup;
			children = (
				63918FF82A8A53C000D92557 /* Base */,
			);
			name = Main.storyboard;
			sourceTree = "<group>";
		};
		63918FFC2A8A53C200D92557 /* LaunchScreen.storyboard */ = {
			isa = PBXVariantGroup;
			children = (
				63918FFD2A8A53C200D92557 /* Base */,
			);
			name = LaunchScreen.storyboard;
			sourceTree = "<group>";
		};
/* End PBXVariantGroup section */

/* Begin XCBuildConfiguration section */
		639190162A8A53C200D92557 /* Debug */ = {
			isa = XCBuildConfiguration;
			buildSettings = {
				ALWAYS_SEARCH_USER_PATHS = NO;
				CLANG_ANALYZER_NONNULL = YES;
				CLANG_ANALYZER_NUMBER_OBJECT_CONVERSION = YES_AGGRESSIVE;
				CLANG_CXX_LANGUAGE_STANDARD = "gnu++20";
				CLANG_ENABLE_MODULES = YES;
				CLANG_ENABLE_OBJC_ARC = YES;
				CLANG_ENABLE_OBJC_WEAK = YES;
				CLANG_WARN_BLOCK_CAPTURE_AUTORELEASING = YES;
				CLANG_WARN_BOOL_CONVERSION = YES;
				CLANG_WARN_COMMA = YES;
				CLANG_WARN_CONSTANT_CONVERSION = YES;
				CLANG_WARN_DEPRECATED_OBJC_IMPLEMENTATIONS = YES;
				CLANG_WARN_DIRECT_OBJC_ISA_USAGE = YES_ERROR;
				CLANG_WARN_DOCUMENTATION_COMMENTS = YES;
				CLANG_WARN_EMPTY_BODY = YES;
				CLANG_WARN_ENUM_CONVERSION = YES;
				CLANG_WARN_INFINITE_RECURSION = YES;
				CLANG_WARN_INT_CONVERSION = YES;
				CLANG_WARN_NON_LITERAL_NULL_CONVERSION = YES;
				CLANG_WARN_OBJC_IMPLICIT_RETAIN_SELF = YES;
				CLANG_WARN_OBJC_LITERAL_CONVERSION = YES;
				CLANG_WARN_OBJC_ROOT_CLASS = YES_ERROR;
				CLANG_WARN_QUOTED_INCLUDE_IN_FRAMEWORK_HEADER = YES;
				CLANG_WARN_RANGE_LOOP_ANALYSIS = YES;
				CLANG_WARN_STRICT_PROTOTYPES = YES;
				CLANG_WARN_SUSPICIOUS_MOVE = YES;
				CLANG_WARN_UNGUARDED_AVAILABILITY = YES_AGGRESSIVE;
				CLANG_WARN_UNREACHABLE_CODE = YES;
				CLANG_WARN__DUPLICATE_METHOD_MATCH = YES;
				COPY_PHASE_STRIP = NO;
				DEBUG_INFORMATION_FORMAT = dwarf;
				ENABLE_STRICT_OBJC_MSGSEND = YES;
				ENABLE_TESTABILITY = YES;
				GCC_C_LANGUAGE_STANDARD = gnu11;
				GCC_DYNAMIC_NO_PIC = NO;
				GCC_NO_COMMON_BLOCKS = YES;
				GCC_OPTIMIZATION_LEVEL = 0;
				GCC_PREPROCESSOR_DEFINITIONS = (
					"DEBUG=1",
					"$(inherited)",
				);
				GCC_WARN_64_TO_32_BIT_CONVERSION = YES;
				GCC_WARN_ABOUT_RETURN_TYPE = YES_ERROR;
				GCC_WARN_UNDECLARED_SELECTOR = YES;
				GCC_WARN_UNINITIALIZED_AUTOS = YES_AGGRESSIVE;
				GCC_WARN_UNUSED_FUNCTION = YES;
				GCC_WARN_UNUSED_VARIABLE = YES;
				IPHONEOS_DEPLOYMENT_TARGET = 16.4;
				MTL_ENABLE_DEBUG_INFO = INCLUDE_SOURCE;
				MTL_FAST_MATH = YES;
				ONLY_ACTIVE_ARCH = YES;
				SDKROOT = iphoneos;
				SWIFT_ACTIVE_COMPILATION_CONDITIONS = DEBUG;
				SWIFT_OPTIMIZATION_LEVEL = "-Onone";
			};
			name = Debug;
		};
		639190172A8A53C200D92557 /* Release */ = {
			isa = XCBuildConfiguration;
			buildSettings = {
				ALWAYS_SEARCH_USER_PATHS = NO;
				CLANG_ANALYZER_NONNULL = YES;
				CLANG_ANALYZER_NUMBER_OBJECT_CONVERSION = YES_AGGRESSIVE;
				CLANG_CXX_LANGUAGE_STANDARD = "gnu++20";
				CLANG_ENABLE_MODULES = YES;
				CLANG_ENABLE_OBJC_ARC = YES;
				CLANG_ENABLE_OBJC_WEAK = YES;
				CLANG_WARN_BLOCK_CAPTURE_AUTORELEASING = YES;
				CLANG_WARN_BOOL_CONVERSION = YES;
				CLANG_WARN_COMMA = YES;
				CLANG_WARN_CONSTANT_CONVERSION = YES;
				CLANG_WARN_DEPRECATED_OBJC_IMPLEMENTATIONS = YES;
				CLANG_WARN_DIRECT_OBJC_ISA_USAGE = YES_ERROR;
				CLANG_WARN_DOCUMENTATION_COMMENTS = YES;
				CLANG_WARN_EMPTY_BODY = YES;
				CLANG_WARN_ENUM_CONVERSION = YES;
				CLANG_WARN_INFINITE_RECURSION = YES;
				CLANG_WARN_INT_CONVERSION = YES;
				CLANG_WARN_NON_LITERAL_NULL_CONVERSION = YES;
				CLANG_WARN_OBJC_IMPLICIT_RETAIN_SELF = YES;
				CLANG_WARN_OBJC_LITERAL_CONVERSION = YES;
				CLANG_WARN_OBJC_ROOT_CLASS = YES_ERROR;
				CLANG_WARN_QUOTED_INCLUDE_IN_FRAMEWORK_HEADER = YES;
				CLANG_WARN_RANGE_LOOP_ANALYSIS = YES;
				CLANG_WARN_STRICT_PROTOTYPES = YES;
				CLANG_WARN_SUSPICIOUS_MOVE = YES;
				CLANG_WARN_UNGUARDED_AVAILABILITY = YES_AGGRESSIVE;
				CLANG_WARN_UNREACHABLE_CODE = YES;
				CLANG_WARN__DUPLICATE_METHOD_MATCH = YES;
				COPY_PHASE_STRIP = NO;
				DEBUG_INFORMATION_FORMAT = "dwarf-with-dsym";
				ENABLE_NS_ASSERTIONS = NO;
				ENABLE_STRICT_OBJC_MSGSEND = YES;
				GCC_C_LANGUAGE_STANDARD = gnu11;
				GCC_NO_COMMON_BLOCKS = YES;
				GCC_WARN_64_TO_32_BIT_CONVERSION = YES;
				GCC_WARN_ABOUT_RETURN_TYPE = YES_ERROR;
				GCC_WARN_UNDECLARED_SELECTOR = YES;
				GCC_WARN_UNINITIALIZED_AUTOS = YES_AGGRESSIVE;
				GCC_WARN_UNUSED_FUNCTION = YES;
				GCC_WARN_UNUSED_VARIABLE = YES;
				IPHONEOS_DEPLOYMENT_TARGET = 16.4;
				MTL_ENABLE_DEBUG_INFO = NO;
				MTL_FAST_MATH = YES;
				SDKROOT = iphoneos;
				SWIFT_COMPILATION_MODE = wholemodule;
				SWIFT_OPTIMIZATION_LEVEL = "-O";
				VALIDATE_PRODUCT = YES;
			};
			name = Release;
		};
		639190192A8A53C200D92557 /* Debug */ = {
			isa = XCBuildConfiguration;
			buildSettings = {
				ASSETCATALOG_COMPILER_APPICON_NAME = AppIcon;
				ASSETCATALOG_COMPILER_GLOBAL_ACCENT_COLOR_NAME = AccentColor;
				CODE_SIGN_STYLE = Automatic;
				CURRENT_PROJECT_VERSION = 1;
				DEVELOPMENT_TEAM = 637FC6BUKX;
				GENERATE_INFOPLIST_FILE = YES;
				INFOPLIST_FILE = F1TrackInfo/Info.plist;
				INFOPLIST_KEY_UIApplicationSupportsIndirectInputEvents = YES;
				INFOPLIST_KEY_UILaunchStoryboardName = LaunchScreen;
				INFOPLIST_KEY_UIMainStoryboardFile = Main;
				INFOPLIST_KEY_UISupportedInterfaceOrientations_iPad = "UIInterfaceOrientationPortrait UIInterfaceOrientationPortraitUpsideDown UIInterfaceOrientationLandscapeLeft UIInterfaceOrientationLandscapeRight";
				INFOPLIST_KEY_UISupportedInterfaceOrientations_iPhone = "UIInterfaceOrientationPortrait UIInterfaceOrientationLandscapeLeft UIInterfaceOrientationLandscapeRight";
				LD_RUNPATH_SEARCH_PATHS = (
					"$(inherited)",
					"@executable_path/Frameworks",
				);
				MARKETING_VERSION = 1.0;
				PRODUCT_BUNDLE_IDENTIFIER = com.ekenozlu.F1TrackInfo;
				PRODUCT_NAME = "$(TARGET_NAME)";
				SWIFT_EMIT_LOC_STRINGS = YES;
				SWIFT_VERSION = 5.0;
				TARGETED_DEVICE_FAMILY = "1,2";
			};
			name = Debug;
		};
		6391901A2A8A53C200D92557 /* Release */ = {
			isa = XCBuildConfiguration;
			buildSettings = {
				ASSETCATALOG_COMPILER_APPICON_NAME = AppIcon;
				ASSETCATALOG_COMPILER_GLOBAL_ACCENT_COLOR_NAME = AccentColor;
				CODE_SIGN_STYLE = Automatic;
				CURRENT_PROJECT_VERSION = 1;
				DEVELOPMENT_TEAM = 637FC6BUKX;
				GENERATE_INFOPLIST_FILE = YES;
				INFOPLIST_FILE = F1TrackInfo/Info.plist;
				INFOPLIST_KEY_UIApplicationSupportsIndirectInputEvents = YES;
				INFOPLIST_KEY_UILaunchStoryboardName = LaunchScreen;
				INFOPLIST_KEY_UIMainStoryboardFile = Main;
				INFOPLIST_KEY_UISupportedInterfaceOrientations_iPad = "UIInterfaceOrientationPortrait UIInterfaceOrientationPortraitUpsideDown UIInterfaceOrientationLandscapeLeft UIInterfaceOrientationLandscapeRight";
				INFOPLIST_KEY_UISupportedInterfaceOrientations_iPhone = "UIInterfaceOrientationPortrait UIInterfaceOrientationLandscapeLeft UIInterfaceOrientationLandscapeRight";
				LD_RUNPATH_SEARCH_PATHS = (
					"$(inherited)",
					"@executable_path/Frameworks",
				);
				MARKETING_VERSION = 1.0;
				PRODUCT_BUNDLE_IDENTIFIER = com.ekenozlu.F1TrackInfo;
				PRODUCT_NAME = "$(TARGET_NAME)";
				SWIFT_EMIT_LOC_STRINGS = YES;
				SWIFT_VERSION = 5.0;
				TARGETED_DEVICE_FAMILY = "1,2";
			};
			name = Release;
		};
		6391901C2A8A53C200D92557 /* Debug */ = {
			isa = XCBuildConfiguration;
			buildSettings = {
				ALWAYS_EMBED_SWIFT_STANDARD_LIBRARIES = YES;
				BUNDLE_LOADER = "$(TEST_HOST)";
				CODE_SIGN_STYLE = Automatic;
				CURRENT_PROJECT_VERSION = 1;
				DEVELOPMENT_TEAM = 637FC6BUKX;
				GENERATE_INFOPLIST_FILE = YES;
				IPHONEOS_DEPLOYMENT_TARGET = 16.4;
				MARKETING_VERSION = 1.0;
				PRODUCT_BUNDLE_IDENTIFIER = com.ekenozlu.F1TrackInfoTests;
				PRODUCT_NAME = "$(TARGET_NAME)";
				SWIFT_EMIT_LOC_STRINGS = NO;
				SWIFT_VERSION = 5.0;
				TARGETED_DEVICE_FAMILY = "1,2";
				TEST_HOST = "$(BUILT_PRODUCTS_DIR)/F1TrackInfo.app/$(BUNDLE_EXECUTABLE_FOLDER_PATH)/F1TrackInfo";
			};
			name = Debug;
		};
		6391901D2A8A53C200D92557 /* Release */ = {
			isa = XCBuildConfiguration;
			buildSettings = {
				ALWAYS_EMBED_SWIFT_STANDARD_LIBRARIES = YES;
				BUNDLE_LOADER = "$(TEST_HOST)";
				CODE_SIGN_STYLE = Automatic;
				CURRENT_PROJECT_VERSION = 1;
				DEVELOPMENT_TEAM = 637FC6BUKX;
				GENERATE_INFOPLIST_FILE = YES;
				IPHONEOS_DEPLOYMENT_TARGET = 16.4;
				MARKETING_VERSION = 1.0;
				PRODUCT_BUNDLE_IDENTIFIER = com.ekenozlu.F1TrackInfoTests;
				PRODUCT_NAME = "$(TARGET_NAME)";
				SWIFT_EMIT_LOC_STRINGS = NO;
				SWIFT_VERSION = 5.0;
				TARGETED_DEVICE_FAMILY = "1,2";
				TEST_HOST = "$(BUILT_PRODUCTS_DIR)/F1TrackInfo.app/$(BUNDLE_EXECUTABLE_FOLDER_PATH)/F1TrackInfo";
			};
			name = Release;
		};
		6391901F2A8A53C200D92557 /* Debug */ = {
			isa = XCBuildConfiguration;
			buildSettings = {
				ALWAYS_EMBED_SWIFT_STANDARD_LIBRARIES = YES;
				CODE_SIGN_STYLE = Automatic;
				CURRENT_PROJECT_VERSION = 1;
				DEVELOPMENT_TEAM = 637FC6BUKX;
				GENERATE_INFOPLIST_FILE = YES;
				MARKETING_VERSION = 1.0;
				PRODUCT_BUNDLE_IDENTIFIER = com.ekenozlu.F1TrackInfoUITests;
				PRODUCT_NAME = "$(TARGET_NAME)";
				SWIFT_EMIT_LOC_STRINGS = NO;
				SWIFT_VERSION = 5.0;
				TARGETED_DEVICE_FAMILY = "1,2";
				TEST_TARGET_NAME = F1TrackInfo;
			};
			name = Debug;
		};
		639190202A8A53C200D92557 /* Release */ = {
			isa = XCBuildConfiguration;
			buildSettings = {
				ALWAYS_EMBED_SWIFT_STANDARD_LIBRARIES = YES;
				CODE_SIGN_STYLE = Automatic;
				CURRENT_PROJECT_VERSION = 1;
				DEVELOPMENT_TEAM = 637FC6BUKX;
				GENERATE_INFOPLIST_FILE = YES;
				MARKETING_VERSION = 1.0;
				PRODUCT_BUNDLE_IDENTIFIER = com.ekenozlu.F1TrackInfoUITests;
				PRODUCT_NAME = "$(TARGET_NAME)";
				SWIFT_EMIT_LOC_STRINGS = NO;
				SWIFT_VERSION = 5.0;
				TARGETED_DEVICE_FAMILY = "1,2";
				TEST_TARGET_NAME = F1TrackInfo;
			};
			name = Release;
		};
/* End XCBuildConfiguration section */

/* Begin XCConfigurationList section */
		63918FE92A8A53C000D92557 /* Build configuration list for PBXProject "F1TrackInfo" */ = {
			isa = XCConfigurationList;
			buildConfigurations = (
				639190162A8A53C200D92557 /* Debug */,
				639190172A8A53C200D92557 /* Release */,
			);
			defaultConfigurationIsVisible = 0;
			defaultConfigurationName = Release;
		};
		639190182A8A53C200D92557 /* Build configuration list for PBXNativeTarget "F1TrackInfo" */ = {
			isa = XCConfigurationList;
			buildConfigurations = (
				639190192A8A53C200D92557 /* Debug */,
				6391901A2A8A53C200D92557 /* Release */,
			);
			defaultConfigurationIsVisible = 0;
			defaultConfigurationName = Release;
		};
		6391901B2A8A53C200D92557 /* Build configuration list for PBXNativeTarget "F1TrackInfoTests" */ = {
			isa = XCConfigurationList;
			buildConfigurations = (
				6391901C2A8A53C200D92557 /* Debug */,
				6391901D2A8A53C200D92557 /* Release */,
			);
			defaultConfigurationIsVisible = 0;
			defaultConfigurationName = Release;
		};
		6391901E2A8A53C200D92557 /* Build configuration list for PBXNativeTarget "F1TrackInfoUITests" */ = {
			isa = XCConfigurationList;
			buildConfigurations = (
				6391901F2A8A53C200D92557 /* Debug */,
				639190202A8A53C200D92557 /* Release */,
			);
			defaultConfigurationIsVisible = 0;
			defaultConfigurationName = Release;
		};
/* End XCConfigurationList section */
	};
	rootObject = 63918FE62A8A53C000D92557 /* Project object */;
}
